
Microsoft Visual Studio Solution File, Format Version 12.00
# Visual Studio Version 16
VisualStudioVersion = 16.0.31702.278
MinimumVisualStudioVersion = 10.0.40219.1
Project("{8BC9CEB8-8B4A-11D0-8D11-00A0C91BC942}") = "1. 素数分解", "1.素数分解\1.素数分解.vcxproj", "{2E8FE7EF-C7BE-489F-8963-437ED022AD24}"
EndProject
Project("{8BC9CEB8-8B4A-11D0-8D11-00A0C91BC942}") = "2. 立方和", "2.立方和\2.立方和.vcxproj", "{B3592C87-A601-4D94-BD63-BB2AF29734B9}"
EndProject
Project("{8BC9CEB8-8B4A-11D0-8D11-00A0C91BC942}") = "3. ASCII码表的可打印字符", "3. ASCII码表的可打印字符\3. ASCII码表的可打印字符.vcxproj", "{E4169C94-FC03-485B-9F6B-4335E45C8184}"
EndProject
Project("{8BC9CEB8-8B4A-11D0-8D11-00A0C91BC942}") = "4. 家具店的收银台", "4. 家具店的收银台\4. 家具店的收银台.vcxproj", "{15E0B7BE-6890-42B1-85A3-90DA7D8039FE}"
EndProject
Project("{8BC9CEB8-8B4A-11D0-8D11-00A0C91BC942}") = "5. 除3余6", "5. 除3余6\5. 除3余6.vcxproj", "{63100F9F-0EC3-446A-A9B5-35F5C2A08300}"
EndProject
Project("{8BC9CEB8-8B4A-11D0-8D11-00A0C91BC942}") = "6. 2÷1序列求和", "6. 2÷1序列求和\6. 2÷1序列求和.vcxproj", "{86003D97-9B56-445D-841C-12FD0CC3B8B2}"
EndProject
Project("{8BC9CEB8-8B4A-11D0-8D11-00A0C91BC942}") = "7. 字母构成的菱形", "7. 字母构成的菱形\7. 字母构成的菱形.vcxproj", "{B181653C-5CAF-440A-BB08-926172A06645}"
EndProject
Project("{8BC9CEB8-8B4A-11D0-8D11-00A0C91BC942}") = "8. 等式三角形", "8. 等式三角形\8. 等式三角形.vcxproj", "{B7D07890-DE65-43A2-88AA-61FEBB83730B}"
EndProject
Project("{8BC9CEB8-8B4A-11D0-8D11-00A0C91BC942}") = "9. XZ数", "9. XZ数\9. XZ数.vcxproj", "{63764544-E70E-476A-85E6-3911D3D76B5E}"
EndProject
Project("{8BC9CEB8-8B4A-11D0-8D11-00A0C91BC942}") = "10. 乘法口诀表", "10. 乘法口诀表\10. 乘法口诀表.vcxproj", "{64EF4489-7F26-49EB-8A35-EE72D7971491}"
EndProject
Project("{8BC9CEB8-8B4A-11D0-8D11-00A0C91BC942}") = "11. 最大公约数", "11. 最大公约数\11. 最大公约数.vcxproj", "{40283F2E-CD16-416B-B8B1-56E49FCD3832}"
EndProject
Global
	GlobalSection(SolutionConfigurationPlatforms) = preSolution
		Debug|x64 = Debug|x64
		Debug|x86 = Debug|x86
		Release|x64 = Release|x64
		Release|x86 = Release|x86
	EndGlobalSection
	GlobalSection(ProjectConfigurationPlatforms) = postSolution
		{2E8FE7EF-C7BE-489F-8963-437ED022AD24}.Debug|x64.ActiveCfg = Debug|x64
		{2E8FE7EF-C7BE-489F-8963-437ED022AD24}.Debug|x64.Build.0 = Debug|x64
		{2E8FE7EF-C7BE-489F-8963-437ED022AD24}.Debug|x86.ActiveCfg = Debug|Win32
		{2E8FE7EF-C7BE-489F-8963-437ED022AD24}.Debug|x86.Build.0 = Debug|Win32
		{2E8FE7EF-C7BE-489F-8963-437ED022AD24}.Release|x64.ActiveCfg = Release|x64
		{2E8FE7EF-C7BE-489F-8963-437ED022AD24}.Release|x64.Build.0 = Release|x64
		{2E8FE7EF-C7BE-489F-8963-437ED022AD24}.Release|x86.ActiveCfg = Release|Win32
		{2E8FE7EF-C7BE-489F-8963-437ED022AD24}.Release|x86.Build.0 = Release|Win32
		{B3592C87-A601-4D94-BD63-BB2AF29734B9}.Debug|x64.ActiveCfg = Debug|x64
		{B3592C87-A601-4D94-BD63-BB2AF29734B9}.Debug|x64.Build.0 = Debug|x64
		{B3592C87-A601-4D94-BD63-BB2AF29734B9}.Debug|x86.ActiveCfg = Debug|Win32
		{B3592C87-A601-4D94-BD63-BB2AF29734B9}.Debug|x86.Build.0 = Debug|Win32
		{B3592C87-A601-4D94-BD63-BB2AF29734B9}.Release|x64.ActiveCfg = Release|x64
		{B3592C87-A601-4D94-BD63-BB2AF29734B9}.Release|x64.Build.0 = Release|x64
		{B3592C87-A601-4D94-BD63-BB2AF29734B9}.Release|x86.ActiveCfg = Release|Win32
		{B3592C87-A601-4D94-BD63-BB2AF29734B9}.Release|x86.Build.0 = Release|Win32
		{E4169C94-FC03-485B-9F6B-4335E45C8184}.Debug|x64.ActiveCfg = Debug|x64
		{E4169C94-FC03-485B-9F6B-4335E45C8184}.Debug|x64.Build.0 = Debug|x64
		{E4169C94-FC03-485B-9F6B-4335E45C8184}.Debug|x86.ActiveCfg = Debug|Win32
		{E4169C94-FC03-485B-9F6B-4335E45C8184}.Debug|x86.Build.0 = Debug|Win32
		{E4169C94-FC03-485B-9F6B-4335E45C8184}.Release|x64.ActiveCfg = Release|x64
		{E4169C94-FC03-485B-9F6B-4335E45C8184}.Release|x64.Build.0 = Release|x64
		{E4169C94-FC03-485B-9F6B-4335E45C8184}.Release|x86.ActiveCfg = Release|Win32
		{E4169C94-FC03-485B-9F6B-4335E45C8184}.Release|x86.Build.0 = Release|Win32
		{15E0B7BE-6890-42B1-85A3-90DA7D8039FE}.Debug|x64.ActiveCfg = Debug|x64
		{15E0B7BE-6890-42B1-85A3-90DA7D8039FE}.Debug|x64.Build.0 = Debug|x64
		{15E0B7BE-6890-42B1-85A3-90DA7D8039FE}.Debug|x86.ActiveCfg = Debug|Win32
		{15E0B7BE-6890-42B1-85A3-90DA7D8039FE}.Debug|x86.Build.0 = Debug|Win32
		{15E0B7BE-6890-42B1-85A3-90DA7D8039FE}.Release|x64.ActiveCfg = Release|x64
		{15E0B7BE-6890-42B1-85A3-90DA7D8039FE}.Release|x64.Build.0 = Release|x64
		{15E0B7BE-6890-42B1-85A3-90DA7D8039FE}.Release|x86.ActiveCfg = Release|Win32
		{15E0B7BE-6890-42B1-85A3-90DA7D8039FE}.Release|x86.Build.0 = Release|Win32
		{63100F9F-0EC3-446A-A9B5-35F5C2A08300}.Debug|x64.ActiveCfg = Debug|x64
		{63100F9F-0EC3-446A-A9B5-35F5C2A08300}.Debug|x64.Build.0 = Debug|x64
		{63100F9F-0EC3-446A-A9B5-35F5C2A08300}.Debug|x86.ActiveCfg = Debug|Win32
		{63100F9F-0EC3-446A-A9B5-35F5C2A08300}.Debug|x86.Build.0 = Debug|Win32
		{63100F9F-0EC3-446A-A9B5-35F5C2A08300}.Release|x64.ActiveCfg = Release|x64
		{63100F9F-0EC3-446A-A9B5-35F5C2A08300}.Release|x64.Build.0 = Release|x64
		{63100F9F-0EC3-446A-A9B5-35F5C2A08300}.Release|x86.ActiveCfg = Release|Win32
		{63100F9F-0EC3-446A-A9B5-35F5C2A08300}.Release|x86.Build.0 = Release|Win32
		{86003D97-9B56-445D-841C-12FD0CC3B8B2}.Debug|x64.ActiveCfg = Debug|x64
		{86003D97-9B56-445D-841C-12FD0CC3B8B2}.Debug|x64.Build.0 = Debug|x64
		{86003D97-9B56-445D-841C-12FD0CC3B8B2}.Debug|x86.ActiveCfg = Debug|Win32
		{86003D97-9B56-445D-841C-12FD0CC3B8B2}.Debug|x86.Build.0 = Debug|Win32
		{86003D97-9B56-445D-841C-12FD0CC3B8B2}.Release|x64.ActiveCfg = Release|x64
		{86003D97-9B56-445D-841C-12FD0CC3B8B2}.Release|x64.Build.0 = Release|x64
		{86003D97-9B56-445D-841C-12FD0CC3B8B2}.Release|x86.ActiveCfg = Release|Win32
		{86003D97-9B56-445D-841C-12FD0CC3B8B2}.Release|x86.Build.0 = Release|Win32
		{B181653C-5CAF-440A-BB08-926172A06645}.Debug|x64.ActiveCfg = Debug|x64
		{B181653C-5CAF-440A-BB08-926172A06645}.Debug|x64.Build.0 = Debug|x64
		{B181653C-5CAF-440A-BB08-926172A06645}.Debug|x86.ActiveCfg = Debug|Win32
		{B181653C-5CAF-440A-BB08-926172A06645}.Debug|x86.Build.0 = Debug|Win32
		{B181653C-5CAF-440A-BB08-926172A06645}.Release|x64.ActiveCfg = Release|x64
		{B181653C-5CAF-440A-BB08-926172A06645}.Release|x64.Build.0 = Release|x64
		{B181653C-5CAF-440A-BB08-926172A06645}.Release|x86.ActiveCfg = Release|Win32
		{B181653C-5CAF-440A-BB08-926172A06645}.Release|x86.Build.0 = Release|Win32
		{B7D07890-DE65-43A2-88AA-61FEBB83730B}.Debug|x64.ActiveCfg = Debug|x64
		{B7D07890-DE65-43A2-88AA-61FEBB83730B}.Debug|x64.Build.0 = Debug|x64
		{B7D07890-DE65-43A2-88AA-61FEBB83730B}.Debug|x86.ActiveCfg = Debug|Win32
		{B7D07890-DE65-43A2-88AA-61FEBB83730B}.Debug|x86.Build.0 = Debug|Win32
		{B7D07890-DE65-43A2-88AA-61FEBB83730B}.Release|x64.ActiveCfg = Release|x64
		{B7D07890-DE65-43A2-88AA-61FEBB83730B}.Release|x64.Build.0 = Release|x64
		{B7D07890-DE65-43A2-88AA-61FEBB83730B}.Release|x86.ActiveCfg = Release|Win32
		{B7D07890-DE65-43A2-88AA-61FEBB83730B}.Release|x86.Build.0 = Release|Win32
		{63764544-E70E-476A-85E6-3911D3D76B5E}.Debug|x64.ActiveCfg = Debug|x64
		{63764544-E70E-476A-85E6-3911D3D76B5E}.Debug|x64.Build.0 = Debug|x64
		{63764544-E70E-476A-85E6-3911D3D76B5E}.Debug|x86.ActiveCfg = Debug|Win32
		{63764544-E70E-476A-85E6-3911D3D76B5E}.Debug|x86.Build.0 = Debug|Win32
		{63764544-E70E-476A-85E6-3911D3D76B5E}.Release|x64.ActiveCfg = Release|x64
		{63764544-E70E-476A-85E6-3911D3D76B5E}.Release|x64.Build.0 = Release|x64
		{63764544-E70E-476A-85E6-3911D3D76B5E}.Release|x86.ActiveCfg = Release|Win32
		{63764544-E70E-476A-85E6-3911D3D76B5E}.Release|x86.Build.0 = Release|Win32
		{64EF4489-7F26-49EB-8A35-EE72D7971491}.Debug|x64.ActiveCfg = Debug|x64
		{64EF4489-7F26-49EB-8A35-EE72D7971491}.Debug|x64.Build.0 = Debug|x64
		{64EF4489-7F26-49EB-8A35-EE72D7971491}.Debug|x86.ActiveCfg = Debug|Win32
		{64EF4489-7F26-49EB-8A35-EE72D7971491}.Debug|x86.Build.0 = Debug|Win32
		{64EF4489-7F26-49EB-8A35-EE72D7971491}.Release|x64.ActiveCfg = Release|x64
		{64EF4489-7F26-49EB-8A35-EE72D7971491}.Release|x64.Build.0 = Release|x64
		{64EF4489-7F26-49EB-8A35-EE72D7971491}.Release|x86.ActiveCfg = Release|Win32
		{64EF4489-7F26-49EB-8A35-EE72D7971491}.Release|x86.Build.0 = Release|Win32
		{40283F2E-CD16-416B-B8B1-56E49FCD3832}.Debug|x64.ActiveCfg = Debug|x64
		{40283F2E-CD16-416B-B8B1-56E49FCD3832}.Debug|x64.Build.0 = Debug|x64
		{40283F2E-CD16-416B-B8B1-56E49FCD3832}.Debug|x86.ActiveCfg = Debug|Win32
		{40283F2E-CD16-416B-B8B1-56E49FCD3832}.Debug|x86.Build.0 = Debug|Win32
		{40283F2E-CD16-416B-B8B1-56E49FCD3832}.Release|x64.ActiveCfg = Release|x64
		{40283F2E-CD16-416B-B8B1-56E49FCD3832}.Release|x64.Build.0 = Release|x64
		{40283F2E-CD16-416B-B8B1-56E49FCD3832}.Release|x86.ActiveCfg = Release|Win32
		{40283F2E-CD16-416B-B8B1-56E49FCD3832}.Release|x86.Build.0 = Release|Win32
	EndGlobalSection
	GlobalSection(SolutionProperties) = preSolution
		HideSolutionNode = FALSE
	EndGlobalSection
	GlobalSection(ExtensibilityGlobals) = postSolution
		SolutionGuid = {F3FD981E-48E9-4408-95BF-7B6538CF8C50}
	EndGlobalSection
EndGlobal
